// !$*UTF8*$!
{
	archiveVersion = 1;
	classes = {
	};
	objectVersion = 77;
	objects = {

/* Begin PBXBuildFile section */
		340EEDC4A46999F2B720C5A3 /* Pods_dynamoxQuizChallengeTests.framework in Frameworks */ = {isa = PBXBuildFile; fileRef = 9B26527EF28C81CADDF4DBA1 /* Pods_dynamoxQuizChallengeTests.framework */; };
		AF80E83E5AD33FFC9677FEED /* Pods_dynamoxQuizChallenge.framework in Frameworks */ = {isa = PBXBuildFile; fileRef = D4A895FA1715C56BEB328F4D /* Pods_dynamoxQuizChallenge.framework */; };
		F1A460416D7225CA288B87C4 /* Pods_dynamoxQuizChallenge_dynamoxQuizChallengeUITests.framework in Frameworks */ = {isa = PBXBuildFile; fileRef = 6A9A08D3B2F788963E0A4470 /* Pods_dynamoxQuizChallenge_dynamoxQuizChallengeUITests.framework */; };
/* End PBXBuildFile section */

/* Begin PBXContainerItemProxy section */
		9A4DEF262F4919760051B154 /* PBXContainerItemProxy */ = {
			isa = PBXContainerItemProxy;
			containerPortal = 9A4DEF0E2F4919750051B154 /* Project object */;
			proxyType = 1;
			remoteGlobalIDString = 9A4DEF152F4919750051B154;
			remoteInfo = dynamoxQuizChallenge;
		};
		9A4DEF302F4919760051B154 /* PBXContainerItemProxy */ = {
			isa = PBXContainerItemProxy;
			containerPortal = 9A4DEF0E2F4919750051B154 /* Project object */;
			proxyType = 1;
			remoteGlobalIDString = 9A4DEF152F4919750051B154;
			remoteInfo = dynamoxQuizChallenge;
		};
/* End PBXContainerItemProxy section */

/* Begin PBXFileReference section */
		422AD78ED41B787FC20C6B80 /* Pods-dynamoxQuizChallengeTests.debug.xcconfig */ = {isa = PBXFileReference; includeInIndex = 1; lastKnownFileType = text.xcconfig; name = "Pods-dynamoxQuizChallengeTests.debug.xcconfig"; path = "Target Support Files/Pods-dynamoxQuizChallengeTests/Pods-dynamoxQuizChallengeTests.debug.xcconfig"; sourceTree = "<group>"; };
		4EDC5924246BC0231ADA320A /* Pods-dynamoxQuizChallengeTests.release.xcconfig */ = {isa = PBXFileReference; includeInIndex = 1; lastKnownFileType = text.xcconfig; name = "Pods-dynamoxQuizChallengeTests.release.xcconfig"; path = "Target Support Files/Pods-dynamoxQuizChallengeTests/Pods-dynamoxQuizChallengeTests.release.xcconfig"; sourceTree = "<group>"; };
		564B4C8A0CA966E9597FDF1D /* Pods-dynamoxQuizChallenge-dynamoxQuizChallengeUITests.debug.xcconfig */ = {isa = PBXFileReference; includeInIndex = 1; lastKnownFileType = text.xcconfig; name = "Pods-dynamoxQuizChallenge-dynamoxQuizChallengeUITests.debug.xcconfig"; path = "Target Support Files/Pods-dynamoxQuizChallenge-dynamoxQuizChallengeUITests/Pods-dynamoxQuizChallenge-dynamoxQuizChallengeUITests.debug.xcconfig"; sourceTree = "<group>"; };
		6A9A08D3B2F788963E0A4470 /* Pods_dynamoxQuizChallenge_dynamoxQuizChallengeUITests.framework */ = {isa = PBXFileReference; explicitFileType = wrapper.framework; includeInIndex = 0; path = Pods_dynamoxQuizChallenge_dynamoxQuizChallengeUITests.framework; sourceTree = BUILT_PRODUCTS_DIR; };
		8E3B0F0376C35EA223EEC57A /* Pods-dynamoxQuizChallenge-dynamoxQuizChallengeUITests.release.xcconfig */ = {isa = PBXFileReference; includeInIndex = 1; lastKnownFileType = text.xcconfig; name = "Pods-dynamoxQuizChallenge-dynamoxQuizChallengeUITests.release.xcconfig"; path = "Target Support Files/Pods-dynamoxQuizChallenge-dynamoxQuizChallengeUITests/Pods-dynamoxQuizChallenge-dynamoxQuizChallengeUITests.release.xcconfig"; sourceTree = "<group>"; };
		9A4DEF162F4919750051B154 /* dynamoxQuizChallenge.app */ = {isa = PBXFileReference; explicitFileType = wrapper.application; includeInIndex = 0; path = dynamoxQuizChallenge.app; sourceTree = BUILT_PRODUCTS_DIR; };
		9A4DEF252F4919760051B154 /* dynamoxQuizChallengeTests.xctest */ = {isa = PBXFileReference; explicitFileType = wrapper.cfbundle; includeInIndex = 0; path = dynamoxQuizChallengeTests.xctest; sourceTree = BUILT_PRODUCTS_DIR; };
		9A4DEF2F2F4919760051B154 /* dynamoxQuizChallengeUITests.xctest */ = {isa = PBXFileReference; explicitFileType = wrapper.cfbundle; includeInIndex = 0; path = dynamoxQuizChallengeUITests.xctest; sourceTree = BUILT_PRODUCTS_DIR; };
		9B26527EF28C81CADDF4DBA1 /* Pods_dynamoxQuizChallengeTests.framework */ = {isa = PBXFileReference; explicitFileType = wrapper.framework; includeInIndex = 0; path = Pods_dynamoxQuizChallengeTests.framework; sourceTree = BUILT_PRODUCTS_DIR; };
		B2131F160F2437667DD26FFB /* Pods-dynamoxQuizChallenge.release.xcconfig */ = {isa = PBXFileReference; includeInIndex = 1; lastKnownFileType = text.xcconfig; name = "Pods-dynamoxQuizChallenge.release.xcconfig"; path = "Target Support Files/Pods-dynamoxQuizChallenge/Pods-dynamoxQuizChallenge.release.xcconfig"; sourceTree = "<group>"; };
		D4A895FA1715C56BEB328F4D /* Pods_dynamoxQuizChallenge.framework */ = {isa = PBXFileReference; explicitFileType = wrapper.framework; includeInIndex = 0; path = Pods_dynamoxQuizChallenge.framework; sourceTree = BUILT_PRODUCTS_DIR; };
		F51FE34324DF158547F02F47 /* Pods-dynamoxQuizChallenge.debug.xcconfig */ = {isa = PBXFileReference; includeInIndex = 1; lastKnownFileType = text.xcconfig; name = "Pods-dynamoxQuizChallenge.debug.xcconfig"; path = "Target Support Files/Pods-dynamoxQuizChallenge/Pods-dynamoxQuizChallenge.debug.xcconfig"; sourceTree = "<group>"; };
/* End PBXFileReference section */

/* Begin PBXFileSystemSynchronizedBuildFileExceptionSet section */
		9A96B1CA2F4A754F002140EC /* Exceptions for "dynamoxQuizChallenge" folder in "dynamoxQuizChallenge" target */ = {
			isa = PBXFileSystemSynchronizedBuildFileExceptionSet;
			membershipExceptions = (
				Info.plist,
			);
			target = 9A4DEF152F4919750051B154 /* dynamoxQuizChallenge */;
		};
/* End PBXFileSystemSynchronizedBuildFileExceptionSet section */

/* Begin PBXFileSystemSynchronizedRootGroup section */
		9A4DEF182F4919750051B154 /* dynamoxQuizChallenge */ = {
			isa = PBXFileSystemSynchronizedRootGroup;
			exceptions = (
				9A96B1CA2F4A754F002140EC /* Exceptions for "dynamoxQuizChallenge" folder in "dynamoxQuizChallenge" target */,
			);
			path = dynamoxQuizChallenge;
			sourceTree = "<group>";
		};
		9A4DEF282F4919760051B154 /* dynamoxQuizChallengeTests */ = {
			isa = PBXFileSystemSynchronizedRootGroup;
			path = dynamoxQuizChallengeTests;
			sourceTree = "<group>";
		};
		9A4DEF322F4919760051B154 /* dynamoxQuizChallengeUITests */ = {
			isa = PBXFileSystemSynchronizedRootGroup;
			path = dynamoxQuizChallengeUITests;
			sourceTree = "<group>";
		};
/* End PBXFileSystemSynchronizedRootGroup section */

/* Begin PBXFrameworksBuildPhase section */
		9A4DEF132F4919750051B154 /* Frameworks */ = {
			isa = PBXFrameworksBuildPhase;
			buildActionMask = 2147483647;
			files = (
				AF80E83E5AD33FFC9677FEED /* Pods_dynamoxQuizChallenge.framework in Frameworks */,
			);
			runOnlyForDeploymentPostprocessing = 0;
		};
		9A4DEF222F4919760051B154 /* Frameworks */ = {
			isa = PBXFrameworksBuildPhase;
			buildActionMask = 2147483647;
			files = (
				340EEDC4A46999F2B720C5A3 /* Pods_dynamoxQuizChallengeTests.framework in Frameworks */,
			);
			runOnlyForDeploymentPostprocessing = 0;
		};
		9A4DEF2C2F4919760051B154 /* Frameworks */ = {
			isa = PBXFrameworksBuildPhase;
			buildActionMask = 2147483647;
			files = (
				F1A460416D7225CA288B87C4 /* Pods_dynamoxQuizChallenge_dynamoxQuizChallengeUITests.framework in Frameworks */,
			);
			runOnlyForDeploymentPostprocessing = 0;
		};
/* End PBXFrameworksBuildPhase section */

/* Begin PBXGroup section */
		65EE543C5AD670F190EA283D /* Frameworks */ = {
			isa = PBXGroup;
			children = (
				D4A895FA1715C56BEB328F4D /* Pods_dynamoxQuizChallenge.framework */,
				6A9A08D3B2F788963E0A4470 /* Pods_dynamoxQuizChallenge_dynamoxQuizChallengeUITests.framework */,
				9B26527EF28C81CADDF4DBA1 /* Pods_dynamoxQuizChallengeTests.framework */,
			);
			name = Frameworks;
			sourceTree = "<group>";
		};
		9A4DEF0D2F4919750051B154 = {
			isa = PBXGroup;
			children = (
				9A4DEF182F4919750051B154 /* dynamoxQuizChallenge */,
				9A4DEF282F4919760051B154 /* dynamoxQuizChallengeTests */,
				9A4DEF322F4919760051B154 /* dynamoxQuizChallengeUITests */,
				9A4DEF172F4919750051B154 /* Products */,
				D653E692D97AE0A5E5AAF527 /* Pods */,
				65EE543C5AD670F190EA283D /* Frameworks */,
			);
			sourceTree = "<group>";
		};
		9A4DEF172F4919750051B154 /* Products */ = {
			isa = PBXGroup;
			children = (
				9A4DEF162F4919750051B154 /* dynamoxQuizChallenge.app */,
				9A4DEF252F4919760051B154 /* dynamoxQuizChallengeTests.xctest */,
				9A4DEF2F2F4919760051B154 /* dynamoxQuizChallengeUITests.xctest */,
			);
			name = Products;
			sourceTree = "<group>";
		};
		D653E692D97AE0A5E5AAF527 /* Pods */ = {
			isa = PBXGroup;
			children = (
				F51FE34324DF158547F02F47 /* Pods-dynamoxQuizChallenge.debug.xcconfig */,
				B2131F160F2437667DD26FFB /* Pods-dynamoxQuizChallenge.release.xcconfig */,
				564B4C8A0CA966E9597FDF1D /* Pods-dynamoxQuizChallenge-dynamoxQuizChallengeUITests.debug.xcconfig */,
				8E3B0F0376C35EA223EEC57A /* Pods-dynamoxQuizChallenge-dynamoxQuizChallengeUITests.release.xcconfig */,
				422AD78ED41B787FC20C6B80 /* Pods-dynamoxQuizChallengeTests.debug.xcconfig */,
				4EDC5924246BC0231ADA320A /* Pods-dynamoxQuizChallengeTests.release.xcconfig */,
			);
			path = Pods;
			sourceTree = "<group>";
		};
/* End PBXGroup section */

/* Begin PBXNativeTarget section */
		9A4DEF152F4919750051B154 /* dynamoxQuizChallenge */ = {
			isa = PBXNativeTarget;
			buildConfigurationList = 9A4DEF392F4919760051B154 /* Build configuration list for PBXNativeTarget "dynamoxQuizChallenge" */;
			buildPhases = (
				74CA91BA6629A78EC9F5FFCB /* [CP] Check Pods Manifest.lock */,
				9A4DEF122F4919750051B154 /* Sources */,
				9A4DEF132F4919750051B154 /* Frameworks */,
				9A4DEF142F4919750051B154 /* Resources */,
				44F6D36987383713FA4903B0 /* [CP] Embed Pods Frameworks */,
				9A9E7B052F4B55FA00A6D733 /* ShellScript */,
			);
			buildRules = (
			);
			dependencies = (
			);
			fileSystemSynchronizedGroups = (
				9A4DEF182F4919750051B154 /* dynamoxQuizChallenge */,
			);
			name = dynamoxQuizChallenge;
			productName = dynamoxQuizChallenge;
			productReference = 9A4DEF162F4919750051B154 /* dynamoxQuizChallenge.app */;
			productType = "com.apple.product-type.application";
		};
		9A4DEF242F4919760051B154 /* dynamoxQuizChallengeTests */ = {
			isa = PBXNativeTarget;
			buildConfigurationList = 9A4DEF3C2F4919760051B154 /* Build configuration list for PBXNativeTarget "dynamoxQuizChallengeTests" */;
			buildPhases = (
				AB618C580A388E1BCF42271F /* [CP] Check Pods Manifest.lock */,
				9A4DEF212F4919760051B154 /* Sources */,
				9A4DEF222F4919760051B154 /* Frameworks */,
				9A4DEF232F4919760051B154 /* Resources */,
			);
			buildRules = (
			);
			dependencies = (
				9A4DEF272F4919760051B154 /* PBXTargetDependency */,
			);
			fileSystemSynchronizedGroups = (
				9A4DEF282F4919760051B154 /* dynamoxQuizChallengeTests */,
			);
			name = dynamoxQuizChallengeTests;
			productName = dynamoxQuizChallengeTests;
			productReference = 9A4DEF252F4919760051B154 /* dynamoxQuizChallengeTests.xctest */;
			productType = "com.apple.product-type.bundle.unit-test";
		};
		9A4DEF2E2F4919760051B154 /* dynamoxQuizChallengeUITests */ = {
			isa = PBXNativeTarget;
			buildConfigurationList = 9A4DEF3F2F4919760051B154 /* Build configuration list for PBXNativeTarget "dynamoxQuizChallengeUITests" */;
			buildPhases = (
				07225D4ACCB86C22F107DF5D /* [CP] Check Pods Manifest.lock */,
				9A4DEF2B2F4919760051B154 /* Sources */,
				9A4DEF2C2F4919760051B154 /* Frameworks */,
				9A4DEF2D2F4919760051B154 /* Resources */,
				E6B3E04F2743FBBEEE7D7026 /* [CP] Embed Pods Frameworks */,
			);
			buildRules = (
			);
			dependencies = (
				9A4DEF312F4919760051B154 /* PBXTargetDependency */,
			);
			fileSystemSynchronizedGroups = (
				9A4DEF322F4919760051B154 /* dynamoxQuizChallengeUITests */,
			);
			name = dynamoxQuizChallengeUITests;
			productName = dynamoxQuizChallengeUITests;
			productReference = 9A4DEF2F2F4919760051B154 /* dynamoxQuizChallengeUITests.xctest */;
			productType = "com.apple.product-type.bundle.ui-testing";
		};
/* End PBXNativeTarget section */

/* Begin PBXProject section */
		9A4DEF0E2F4919750051B154 /* Project object */ = {
			isa = PBXProject;
			attributes = {
				BuildIndependentTargetsInParallel = 1;
				LastSwiftUpdateCheck = 2620;
				LastUpgradeCheck = 2620;
				TargetAttributes = {
					9A4DEF152F4919750051B154 = {
						CreatedOnToolsVersion = 26.2;
					};
					9A4DEF242F4919760051B154 = {
						CreatedOnToolsVersion = 26.2;
						TestTargetID = 9A4DEF152F4919750051B154;
					};
					9A4DEF2E2F4919760051B154 = {
						CreatedOnToolsVersion = 26.2;
						TestTargetID = 9A4DEF152F4919750051B154;
					};
				};
			};
			buildConfigurationList = 9A4DEF112F4919750051B154 /* Build configuration list for PBXProject "dynamoxQuizChallenge" */;
			developmentRegion = en;
			hasScannedForEncodings = 0;
			knownRegions = (
				en,
				Base,
			);
			mainGroup = 9A4DEF0D2F4919750051B154;
			minimizedProjectReferenceProxies = 1;
			preferredProjectObjectVersion = 77;
			productRefGroup = 9A4DEF172F4919750051B154 /* Products */;
			projectDirPath = "";
			projectRoot = "";
			targets = (
				9A4DEF152F4919750051B154 /* dynamoxQuizChallenge */,
				9A4DEF242F4919760051B154 /* dynamoxQuizChallengeTests */,
				9A4DEF2E2F4919760051B154 /* dynamoxQuizChallengeUITests */,
			);
		};
/* End PBXProject section */

/* Begin PBXResourcesBuildPhase section */
		9A4DEF142F4919750051B154 /* Resources */ = {
			isa = PBXResourcesBuildPhase;
			buildActionMask = 2147483647;
			files = (
			);
			runOnlyForDeploymentPostprocessing = 0;
		};
		9A4DEF232F4919760051B154 /* Resources */ = {
			isa = PBXResourcesBuildPhase;
			buildActionMask = 2147483647;
			files = (
			);
			runOnlyForDeploymentPostprocessing = 0;
		};
		9A4DEF2D2F4919760051B154 /* Resources */ = {
			isa = PBXResourcesBuildPhase;
			buildActionMask = 2147483647;
			files = (
			);
			runOnlyForDeploymentPostprocessing = 0;
		};
/* End PBXResourcesBuildPhase section */

/* Begin PBXShellScriptBuildPhase section */
		07225D4ACCB86C22F107DF5D /* [CP] Check Pods Manifest.lock */ = {
			isa = PBXShellScriptBuildPhase;
			buildActionMask = 2147483647;
			files = (
			);
			inputFileListPaths = (
			);
			inputPaths = (
				"${PODS_PODFILE_DIR_PATH}/Podfile.lock",
				"${PODS_ROOT}/Manifest.lock",
			);
			name = "[CP] Check Pods Manifest.lock";
			outputFileListPaths = (
			);
			outputPaths = (
				"$(DERIVED_FILE_DIR)/Pods-dynamoxQuizChallenge-dynamoxQuizChallengeUITests-checkManifestLockResult.txt",
			);
			runOnlyForDeploymentPostprocessing = 0;
			shellPath = /bin/sh;
			shellScript = "diff \"${PODS_PODFILE_DIR_PATH}/Podfile.lock\" \"${PODS_ROOT}/Manifest.lock\" > /dev/null\nif [ $? != 0 ] ; then\n    # print error to STDERR\n    echo \"error: The sandbox is not in sync with the Podfile.lock. Run 'pod install' or update your CocoaPods installation.\" >&2\n    exit 1\nfi\n# This output is used by Xcode 'outputs' to avoid re-running this script phase.\necho \"SUCCESS\" > \"${SCRIPT_OUTPUT_FILE_0}\"\n";
			showEnvVarsInLog = 0;
		};
		44F6D36987383713FA4903B0 /* [CP] Embed Pods Frameworks */ = {
			isa = PBXShellScriptBuildPhase;
			buildActionMask = 2147483647;
			files = (
			);
			inputFileListPaths = (
				"${PODS_ROOT}/Target Support Files/Pods-dynamoxQuizChallenge/Pods-dynamoxQuizChallenge-frameworks-${CONFIGURATION}-input-files.xcfilelist",
			);
			inputPaths = (
			);
			name = "[CP] Embed Pods Frameworks";
			outputFileListPaths = (
				"${PODS_ROOT}/Target Support Files/Pods-dynamoxQuizChallenge/Pods-dynamoxQuizChallenge-frameworks-${CONFIGURATION}-output-files.xcfilelist",
			);
			outputPaths = (
			);
			runOnlyForDeploymentPostprocessing = 0;
			shellPath = /bin/sh;
			shellScript = "\"${PODS_ROOT}/Target Support Files/Pods-dynamoxQuizChallenge/Pods-dynamoxQuizChallenge-frameworks.sh\"\n";
			showEnvVarsInLog = 0;
		};
		74CA91BA6629A78EC9F5FFCB /* [CP] Check Pods Manifest.lock */ = {
			isa = PBXShellScriptBuildPhase;
			buildActionMask = 2147483647;
			files = (
			);
			inputFileListPaths = (
			);
			inputPaths = (
				"${PODS_PODFILE_DIR_PATH}/Podfile.lock",
				"${PODS_ROOT}/Manifest.lock",
			);
			name = "[CP] Check Pods Manifest.lock";
			outputFileListPaths = (
			);
			outputPaths = (
				"$(DERIVED_FILE_DIR)/Pods-dynamoxQuizChallenge-checkManifestLockResult.txt",
			);
			runOnlyForDeploymentPostprocessing = 0;
			shellPath = /bin/sh;
			shellScript = "diff \"${PODS_PODFILE_DIR_PATH}/Podfile.lock\" \"${PODS_ROOT}/Manifest.lock\" > /dev/null\nif [ $? != 0 ] ; then\n    # print error to STDERR\n    echo \"error: The sandbox is not in sync with the Podfile.lock. Run 'pod install' or update your CocoaPods installation.\" >&2\n    exit 1\nfi\n# This output is used by Xcode 'outputs' to avoid re-running this script phase.\necho \"SUCCESS\" > \"${SCRIPT_OUTPUT_FILE_0}\"\n";
			showEnvVarsInLog = 0;
		};
		9A9E7B052F4B55FA00A6D733 /* ShellScript */ = {
			isa = PBXShellScriptBuildPhase;
			buildActionMask = 2147483647;
			files = (
			);
			inputFileListPaths = (
			);
			inputPaths = (
			);
			outputFileListPaths = (
			);
			outputPaths = (
			);
			runOnlyForDeploymentPostprocessing = 0;
			shellPath = /bin/sh;
			shellScript = "# Type a script or drag a script file from your workspace to insert its path.\n\"${PODS_ROOT}/FirebaseCrashlytics/run\"\n";
		};
		AB618C580A388E1BCF42271F /* [CP] Check Pods Manifest.lock */ = {
			isa = PBXShellScriptBuildPhase;
			buildActionMask = 2147483647;
			files = (
			);
			inputFileListPaths = (
			);
			inputPaths = (
				"${PODS_PODFILE_DIR_PATH}/Podfile.lock",
				"${PODS_ROOT}/Manifest.lock",
			);
			name = "[CP] Check Pods Manifest.lock";
			outputFileListPaths = (
			);
			outputPaths = (
				"$(DERIVED_FILE_DIR)/Pods-dynamoxQuizChallengeTests-checkManifestLockResult.txt",
			);
			runOnlyForDeploymentPostprocessing = 0;
			shellPath = /bin/sh;
			shellScript = "diff \"${PODS_PODFILE_DIR_PATH}/Podfile.lock\" \"${PODS_ROOT}/Manifest.lock\" > /dev/null\nif [ $? != 0 ] ; then\n    # print error to STDERR\n    echo \"error: The sandbox is not in sync with the Podfile.lock. Run 'pod install' or update your CocoaPods installation.\" >&2\n    exit 1\nfi\n# This output is used by Xcode 'outputs' to avoid re-running this script phase.\necho \"SUCCESS\" > \"${SCRIPT_OUTPUT_FILE_0}\"\n";
			showEnvVarsInLog = 0;
		};
		E6B3E04F2743FBBEEE7D7026 /* [CP] Embed Pods Frameworks */ = {
			isa = PBXShellScriptBuildPhase;
			buildActionMask = 2147483647;
			files = (
			);
			inputFileListPaths = (
				"${PODS_ROOT}/Target Support Files/Pods-dynamoxQuizChallenge-dynamoxQuizChallengeUITests/Pods-dynamoxQuizChallenge-dynamoxQuizChallengeUITests-frameworks-${CONFIGURATION}-input-files.xcfilelist",
			);
			inputPaths = (
			);
			name = "[CP] Embed Pods Frameworks";
			outputFileListPaths = (
				"${PODS_ROOT}/Target Support Files/Pods-dynamoxQuizChallenge-dynamoxQuizChallengeUITests/Pods-dynamoxQuizChallenge-dynamoxQuizChallengeUITests-frameworks-${CONFIGURATION}-output-files.xcfilelist",
			);
			outputPaths = (
			);
			runOnlyForDeploymentPostprocessing = 0;
			shellPath = /bin/sh;
			shellScript = "\"${PODS_ROOT}/Target Support Files/Pods-dynamoxQuizChallenge-dynamoxQuizChallengeUITests/Pods-dynamoxQuizChallenge-dynamoxQuizChallengeUITests-frameworks.sh\"\n";
			showEnvVarsInLog = 0;
		};
/* End PBXShellScriptBuildPhase section */

/* Begin PBXSourcesBuildPhase section */
		9A4DEF122F4919750051B154 /* Sources */ = {
			isa = PBXSourcesBuildPhase;
			buildActionMask = 2147483647;
			files = (
			);
			runOnlyForDeploymentPostprocessing = 0;
		};
		9A4DEF212F4919760051B154 /* Sources */ = {
			isa = PBXSourcesBuildPhase;
			buildActionMask = 2147483647;
			files = (
			);
			runOnlyForDeploymentPostprocessing = 0;
		};
		9A4DEF2B2F4919760051B154 /* Sources */ = {
			isa = PBXSourcesBuildPhase;
			buildActionMask = 2147483647;
			files = (
			);
			runOnlyForDeploymentPostprocessing = 0;
		};
/* End PBXSourcesBuildPhase section */

/* Begin PBXTargetDependency section */
		9A4DEF272F4919760051B154 /* PBXTargetDependency */ = {
			isa = PBXTargetDependency;
			target = 9A4DEF152F4919750051B154 /* dynamoxQuizChallenge */;
			targetProxy = 9A4DEF262F4919760051B154 /* PBXContainerItemProxy */;
		};
		9A4DEF312F4919760051B154 /* PBXTargetDependency */ = {
			isa = PBXTargetDependency;
			target = 9A4DEF152F4919750051B154 /* dynamoxQuizChallenge */;
			targetProxy = 9A4DEF302F4919760051B154 /* PBXContainerItemProxy */;
		};
/* End PBXTargetDependency section */

/* Begin XCBuildConfiguration section */
		9A4DEF372F4919760051B154 /* Debug */ = {
			isa = XCBuildConfiguration;
			buildSettings = {
				ALWAYS_SEARCH_USER_PATHS = NO;
				ASSETCATALOG_COMPILER_GENERATE_SWIFT_ASSET_SYMBOL_EXTENSIONS = YES;
				CLANG_ANALYZER_NONNULL = YES;
				CLANG_ANALYZER_NUMBER_OBJECT_CONVERSION = YES_AGGRESSIVE;
				CLANG_CXX_LANGUAGE_STANDARD = "gnu++20";
				CLANG_ENABLE_MODULES = YES;
				CLANG_ENABLE_OBJC_ARC = YES;
				CLANG_ENABLE_OBJC_WEAK = YES;
				CLANG_WARN_BLOCK_CAPTURE_AUTORELEASING = YES;
				CLANG_WARN_BOOL_CONVERSION = YES;
				CLANG_WARN_COMMA = YES;
				CLANG_WARN_CONSTANT_CONVERSION = YES;
				CLANG_WARN_DEPRECATED_OBJC_IMPLEMENTATIONS = YES;
				CLANG_WARN_DIRECT_OBJC_ISA_USAGE = YES_ERROR;
				CLANG_WARN_DOCUMENTATION_COMMENTS = YES;
				CLANG_WARN_EMPTY_BODY = YES;
				CLANG_WARN_ENUM_CONVERSION = YES;
				CLANG_WARN_INFINITE_RECURSION = YES;
				CLANG_WARN_INT_CONVERSION = YES;
				CLANG_WARN_NON_LITERAL_NULL_CONVERSION = YES;
				CLANG_WARN_OBJC_IMPLICIT_RETAIN_SELF = YES;
				CLANG_WARN_OBJC_LITERAL_CONVERSION = YES;
				CLANG_WARN_OBJC_ROOT_CLASS = YES_ERROR;
				CLANG_WARN_QUOTED_INCLUDE_IN_FRAMEWORK_HEADER = YES;
				CLANG_WARN_RANGE_LOOP_ANALYSIS = YES;
				CLANG_WARN_STRICT_PROTOTYPES = YES;
				CLANG_WARN_SUSPICIOUS_MOVE = YES;
				CLANG_WARN_UNGUARDED_AVAILABILITY = YES_AGGRESSIVE;
				CLANG_WARN_UNREACHABLE_CODE = YES;
				CLANG_WARN__DUPLICATE_METHOD_MATCH = YES;
				COPY_PHASE_STRIP = NO;
				DEBUG_INFORMATION_FORMAT = "dwarf-with-dsym";
				DEVELOPMENT_TEAM = GFA6FPM6N8;
				ENABLE_STRICT_OBJC_MSGSEND = YES;
				ENABLE_TESTABILITY = YES;
				ENABLE_USER_SCRIPT_SANDBOXING = NO;
				GCC_C_LANGUAGE_STANDARD = gnu17;
				GCC_DYNAMIC_NO_PIC = NO;
				GCC_NO_COMMON_BLOCKS = YES;
				GCC_OPTIMIZATION_LEVEL = 0;
				GCC_PREPROCESSOR_DEFINITIONS = (
					"DEBUG=1",
					"$(inherited)",
				);
				GCC_WARN_64_TO_32_BIT_CONVERSION = YES;
				GCC_WARN_ABOUT_RETURN_TYPE = YES_ERROR;
				GCC_WARN_UNDECLARED_SELECTOR = YES;
				GCC_WARN_UNINITIALIZED_AUTOS = YES_AGGRESSIVE;
				GCC_WARN_UNUSED_FUNCTION = YES;
				GCC_WARN_UNUSED_VARIABLE = YES;
				IPHONEOS_DEPLOYMENT_TARGET = 26.2;
				LOCALIZATION_PREFERS_STRING_CATALOGS = YES;
				MTL_ENABLE_DEBUG_INFO = INCLUDE_SOURCE;
				MTL_FAST_MATH = YES;
				ONLY_ACTIVE_ARCH = YES;
				SDKROOT = iphoneos;
				SWIFT_ACTIVE_COMPILATION_CONDITIONS = "DEBUG $(inherited)";
				SWIFT_OPTIMIZATION_LEVEL = "-Onone";
			};
			name = Debug;
		};
		9A4DEF382F4919760051B154 /* Release */ = {
			isa = XCBuildConfiguration;
			buildSettings = {
				ALWAYS_SEARCH_USER_PATHS = NO;
				ASSETCATALOG_COMPILER_GENERATE_SWIFT_ASSET_SYMBOL_EXTENSIONS = YES;
				CLANG_ANALYZER_NONNULL = YES;
				CLANG_ANALYZER_NUMBER_OBJECT_CONVERSION = YES_AGGRESSIVE;
				CLANG_CXX_LANGUAGE_STANDARD = "gnu++20";
				CLANG_ENABLE_MODULES = YES;
				CLANG_ENABLE_OBJC_ARC = YES;
				CLANG_ENABLE_OBJC_WEAK = YES;
				CLANG_WARN_BLOCK_CAPTURE_AUTORELEASING = YES;
				CLANG_WARN_BOOL_CONVERSION = YES;
				CLANG_WARN_COMMA = YES;
				CLANG_WARN_CONSTANT_CONVERSION = YES;
				CLANG_WARN_DEPRECATED_OBJC_IMPLEMENTATIONS = YES;
				CLANG_WARN_DIRECT_OBJC_ISA_USAGE = YES_ERROR;
				CLANG_WARN_DOCUMENTATION_COMMENTS = YES;
				CLANG_WARN_EMPTY_BODY = YES;
				CLANG_WARN_ENUM_CONVERSION = YES;
				CLANG_WARN_INFINITE_RECURSION = YES;
				CLANG_WARN_INT_CONVERSION = YES;
				CLANG_WARN_NON_LITERAL_NULL_CONVERSION = YES;
				CLANG_WARN_OBJC_IMPLICIT_RETAIN_SELF = YES;
				CLANG_WARN_OBJC_LITERAL_CONVERSION = YES;
				CLANG_WARN_OBJC_ROOT_CLASS = YES_ERROR;
				CLANG_WARN_QUOTED_INCLUDE_IN_FRAMEWORK_HEADER = YES;
				CLANG_WARN_RANGE_LOOP_ANALYSIS = YES;
				CLANG_WARN_STRICT_PROTOTYPES = YES;
				CLANG_WARN_SUSPICIOUS_MOVE = YES;
				CLANG_WARN_UNGUARDED_AVAILABILITY = YES_AGGRESSIVE;
				CLANG_WARN_UNREACHABLE_CODE = YES;
				CLANG_WARN__DUPLICATE_METHOD_MATCH = YES;
				COPY_PHASE_STRIP = YES;
				DEBUG_INFORMATION_FORMAT = "dwarf-with-dsym";
				DEVELOPMENT_TEAM = GFA6FPM6N8;
				ENABLE_NS_ASSERTIONS = NO;
				ENABLE_STRICT_OBJC_MSGSEND = YES;
				ENABLE_USER_SCRIPT_SANDBOXING = NO;
				GCC_C_LANGUAGE_STANDARD = gnu17;
				GCC_NO_COMMON_BLOCKS = YES;
				GCC_WARN_64_TO_32_BIT_CONVERSION = YES;
				GCC_WARN_ABOUT_RETURN_TYPE = YES_ERROR;
				GCC_WARN_UNDECLARED_SELECTOR = YES;
				GCC_WARN_UNINITIALIZED_AUTOS = YES_AGGRESSIVE;
				GCC_WARN_UNUSED_FUNCTION = YES;
				GCC_WARN_UNUSED_VARIABLE = YES;
				IPHONEOS_DEPLOYMENT_TARGET = 26.2;
				LOCALIZATION_PREFERS_STRING_CATALOGS = YES;
				MTL_ENABLE_DEBUG_INFO = NO;
				MTL_FAST_MATH = YES;
				SDKROOT = iphoneos;
				SWIFT_COMPILATION_MODE = wholemodule;
				VALIDATE_PRODUCT = YES;
			};
			name = Release;
		};
		9A4DEF3A2F4919760051B154 /* Debug */ = {
			isa = XCBuildConfiguration;
			baseConfigurationReference = F51FE34324DF158547F02F47 /* Pods-dynamoxQuizChallenge.debug.xcconfig */;
			buildSettings = {
				ASSETCATALOG_COMPILER_APPICON_NAME = AppIcon;
				ASSETCATALOG_COMPILER_GLOBAL_ACCENT_COLOR_NAME = AccentColor;
				ASSETCATALOG_COMPILER_INCLUDE_ALL_APPICON_ASSETS = NO;
				CODE_SIGN_STYLE = Automatic;
				CURRENT_PROJECT_VERSION = 1;
				DEVELOPMENT_TEAM = GFA6FPM6N8;
				ENABLE_PREVIEWS = YES;
				GENERATE_INFOPLIST_FILE = YES;
				INFOPLIST_FILE = dynamoxQuizChallenge/Info.plist;
				INFOPLIST_KEY_UIApplicationSceneManifest_Generation = YES;
				INFOPLIST_KEY_UIApplicationSupportsIndirectInputEvents = YES;
				INFOPLIST_KEY_UILaunchStoryboardName = LaunchScreen;
				INFOPLIST_KEY_UIStatusBarStyle = "";
				INFOPLIST_KEY_UISupportedInterfaceOrientations_iPad = "UIInterfaceOrientationPortrait UIInterfaceOrientationPortraitUpsideDown UIInterfaceOrientationLandscapeLeft UIInterfaceOrientationLandscapeRight";
				INFOPLIST_KEY_UISupportedInterfaceOrientations_iPhone = "UIInterfaceOrientationPortrait UIInterfaceOrientationLandscapeLeft UIInterfaceOrientationLandscapeRight";
				IPHONEOS_DEPLOYMENT_TARGET = 17.6;
				LD_RUNPATH_SEARCH_PATHS = (
					"$(inherited)",
					"@executable_path/Frameworks",
				);
				MARKETING_VERSION = 1.0;
				PRODUCT_BUNDLE_IDENTIFIER = hyagohenrique.dynamoxQuizChallenge;
				PRODUCT_NAME = "$(TARGET_NAME)";
				STRING_CATALOG_GENERATE_SYMBOLS = YES;
				SWIFT_APPROACHABLE_CONCURRENCY = YES;
				SWIFT_DEFAULT_ACTOR_ISOLATION = MainActor;
				SWIFT_EMIT_LOC_STRINGS = YES;
				SWIFT_UPCOMING_FEATURE_MEMBER_IMPORT_VISIBILITY = YES;
				SWIFT_VERSION = 5.0;
				TARGETED_DEVICE_FAMILY = "1,2";
			};
			name = Debug;
		};
		9A4DEF3B2F4919760051B154 /* Release */ = {
			isa = XCBuildConfiguration;
			baseConfigurationReference = B2131F160F2437667DD26FFB /* Pods-dynamoxQuizChallenge.release.xcconfig */;
			buildSettings = {
				ASSETCATALOG_COMPILER_APPICON_NAME = AppIcon;
				ASSETCATALOG_COMPILER_GLOBAL_ACCENT_COLOR_NAME = AccentColor;
				ASSETCATALOG_COMPILER_INCLUDE_ALL_APPICON_ASSETS = NO;
				CODE_SIGN_STYLE = Automatic;
				CURRENT_PROJECT_VERSION = 1;
				DEVELOPMENT_TEAM = GFA6FPM6N8;
				ENABLE_PREVIEWS = YES;
				GENERATE_INFOPLIST_FILE = YES;
				INFOPLIST_FILE = dynamoxQuizChallenge/Info.plist;
				INFOPLIST_KEY_UIApplicationSceneManifest_Generation = YES;
				INFOPLIST_KEY_UIApplicationSupportsIndirectInputEvents = YES;
				INFOPLIST_KEY_UILaunchStoryboardName = LaunchScreen;
				INFOPLIST_KEY_UIStatusBarStyle = "";
				INFOPLIST_KEY_UISupportedInterfaceOrientations_iPad = "UIInterfaceOrientationPortrait UIInterfaceOrientationPortraitUpsideDown UIInterfaceOrientationLandscapeLeft UIInterfaceOrientationLandscapeRight";
				INFOPLIST_KEY_UISupportedInterfaceOrientations_iPhone = "UIInterfaceOrientationPortrait UIInterfaceOrientationLandscapeLeft UIInterfaceOrientationLandscapeRight";
				IPHONEOS_DEPLOYMENT_TARGET = 17.6;
				LD_RUNPATH_SEARCH_PATHS = (
					"$(inherited)",
					"@executable_path/Frameworks",
				);
				MARKETING_VERSION = 1.0;
				PRODUCT_BUNDLE_IDENTIFIER = hyagohenrique.dynamoxQuizChallenge;
				PRODUCT_NAME = "$(TARGET_NAME)";
				STRING_CATALOG_GENERATE_SYMBOLS = YES;
				SWIFT_APPROACHABLE_CONCURRENCY = YES;
				SWIFT_DEFAULT_ACTOR_ISOLATION = MainActor;
				SWIFT_EMIT_LOC_STRINGS = YES;
				SWIFT_UPCOMING_FEATURE_MEMBER_IMPORT_VISIBILITY = YES;
				SWIFT_VERSION = 5.0;
				TARGETED_DEVICE_FAMILY = "1,2";
			};
			name = Release;
		};
		9A4DEF3D2F4919760051B154 /* Debug */ = {
			isa = XCBuildConfiguration;
			baseConfigurationReference = 422AD78ED41B787FC20C6B80 /* Pods-dynamoxQuizChallengeTests.debug.xcconfig */;
			buildSettings = {
				BUNDLE_LOADER = "$(TEST_HOST)";
				CODE_SIGN_STYLE = Automatic;
				CURRENT_PROJECT_VERSION = 1;
				DEVELOPMENT_TEAM = GFA6FPM6N8;
				GENERATE_INFOPLIST_FILE = YES;
				IPHONEOS_DEPLOYMENT_TARGET = 26.2;
				MARKETING_VERSION = 1.0;
				PRODUCT_BUNDLE_IDENTIFIER = hyagohenrique.dynamoxQuizChallengeTests;
				PRODUCT_NAME = "$(TARGET_NAME)";
				STRING_CATALOG_GENERATE_SYMBOLS = NO;
				SWIFT_APPROACHABLE_CONCURRENCY = YES;
				SWIFT_EMIT_LOC_STRINGS = NO;
				SWIFT_UPCOMING_FEATURE_MEMBER_IMPORT_VISIBILITY = YES;
				SWIFT_VERSION = 5.0;
				TARGETED_DEVICE_FAMILY = "1,2";
				TEST_HOST = "$(BUILT_PRODUCTS_DIR)/dynamoxQuizChallenge.app/$(BUNDLE_EXECUTABLE_FOLDER_PATH)/dynamoxQuizChallenge";
			};
			name = Debug;
		};
		9A4DEF3E2F4919760051B154 /* Release */ = {
			isa = XCBuildConfiguration;
			baseConfigurationReference = 4EDC5924246BC0231ADA320A /* Pods-dynamoxQuizChallengeTests.release.xcconfig */;
			buildSettings = {
				BUNDLE_LOADER = "$(TEST_HOST)";
				CODE_SIGN_STYLE = Automatic;
				CURRENT_PROJECT_VERSION = 1;
				DEVELOPMENT_TEAM = GFA6FPM6N8;
				GENERATE_INFOPLIST_FILE = YES;
				IPHONEOS_DEPLOYMENT_TARGET = 26.2;
				MARKETING_VERSION = 1.0;
				PRODUCT_BUNDLE_IDENTIFIER = hyagohenrique.dynamoxQuizChallengeTests;
				PRODUCT_NAME = "$(TARGET_NAME)";
				STRING_CATALOG_GENERATE_SYMBOLS = NO;
				SWIFT_APPROACHABLE_CONCURRENCY = YES;
				SWIFT_EMIT_LOC_STRINGS = NO;
				SWIFT_UPCOMING_FEATURE_MEMBER_IMPORT_VISIBILITY = YES;
				SWIFT_VERSION = 5.0;
				TARGETED_DEVICE_FAMILY = "1,2";
				TEST_HOST = "$(BUILT_PRODUCTS_DIR)/dynamoxQuizChallenge.app/$(BUNDLE_EXECUTABLE_FOLDER_PATH)/dynamoxQuizChallenge";
			};
			name = Release;
		};
		9A4DEF402F4919760051B154 /* Debug */ = {
			isa = XCBuildConfiguration;
			baseConfigurationReference = 564B4C8A0CA966E9597FDF1D /* Pods-dynamoxQuizChallenge-dynamoxQuizChallengeUITests.debug.xcconfig */;
			buildSettings = {
				CODE_SIGN_STYLE = Automatic;
				CURRENT_PROJECT_VERSION = 1;
				DEVELOPMENT_TEAM = GFA6FPM6N8;
				GENERATE_INFOPLIST_FILE = YES;
				MARKETING_VERSION = 1.0;
				PRODUCT_BUNDLE_IDENTIFIER = hyagohenrique.dynamoxQuizChallengeUITests;
				PRODUCT_NAME = "$(TARGET_NAME)";
				STRING_CATALOG_GENERATE_SYMBOLS = NO;
				SWIFT_APPROACHABLE_CONCURRENCY = YES;
				SWIFT_EMIT_LOC_STRINGS = NO;
				SWIFT_UPCOMING_FEATURE_MEMBER_IMPORT_VISIBILITY = YES;
				SWIFT_VERSION = 5.0;
				TARGETED_DEVICE_FAMILY = "1,2";
				TEST_TARGET_NAME = dynamoxQuizChallenge;
			};
			name = Debug;
		};
		9A4DEF412F4919760051B154 /* Release */ = {
			isa = XCBuildConfiguration;
			baseConfigurationReference = 8E3B0F0376C35EA223EEC57A /* Pods-dynamoxQuizChallenge-dynamoxQuizChallengeUITests.release.xcconfig */;
			buildSettings = {
				CODE_SIGN_STYLE = Automatic;
				CURRENT_PROJECT_VERSION = 1;
				DEVELOPMENT_TEAM = GFA6FPM6N8;
				GENERATE_INFOPLIST_FILE = YES;
				MARKETING_VERSION = 1.0;
				PRODUCT_BUNDLE_IDENTIFIER = hyagohenrique.dynamoxQuizChallengeUITests;
				PRODUCT_NAME = "$(TARGET_NAME)";
				STRING_CATALOG_GENERATE_SYMBOLS = NO;
				SWIFT_APPROACHABLE_CONCURRENCY = YES;
				SWIFT_EMIT_LOC_STRINGS = NO;
				SWIFT_UPCOMING_FEATURE_MEMBER_IMPORT_VISIBILITY = YES;
				SWIFT_VERSION = 5.0;
				TARGETED_DEVICE_FAMILY = "1,2";
				TEST_TARGET_NAME = dynamoxQuizChallenge;
			};
			name = Release;
		};
/* End XCBuildConfiguration section */

/* Begin XCConfigurationList section */
		9A4DEF112F4919750051B154 /* Build configuration list for PBXProject "dynamoxQuizChallenge" */ = {
			isa = XCConfigurationList;
			buildConfigurations = (
				9A4DEF372F4919760051B154 /* Debug */,
				9A4DEF382F4919760051B154 /* Release */,
			);
			defaultConfigurationIsVisible = 0;
			defaultConfigurationName = Release;
		};
		9A4DEF392F4919760051B154 /* Build configuration list for PBXNativeTarget "dynamoxQuizChallenge" */ = {
			isa = XCConfigurationList;
			buildConfigurations = (
				9A4DEF3A2F4919760051B154 /* Debug */,
				9A4DEF3B2F4919760051B154 /* Release */,
			);
			defaultConfigurationIsVisible = 0;
			defaultConfigurationName = Release;
		};
		9A4DEF3C2F4919760051B154 /* Build configuration list for PBXNativeTarget "dynamoxQuizChallengeTests" */ = {
			isa = XCConfigurationList;
			buildConfigurations = (
				9A4DEF3D2F4919760051B154 /* Debug */,
				9A4DEF3E2F4919760051B154 /* Release */,
			);
			defaultConfigurationIsVisible = 0;
			defaultConfigurationName = Release;
		};
		9A4DEF3F2F4919760051B154 /* Build configuration list for PBXNativeTarget "dynamoxQuizChallengeUITests" */ = {
			isa = XCConfigurationList;
			buildConfigurations = (
				9A4DEF402F4919760051B154 /* Debug */,
				9A4DEF412F4919760051B154 /* Release */,
			);
			defaultConfigurationIsVisible = 0;
			defaultConfigurationName = Release;
		};
/* End XCConfigurationList section */
	};
	rootObject = 9A4DEF0E2F4919750051B154 /* Project object */;
}
